{
  "name": "@qualialabs/generator-qualia-meteor",
  "version": "1.0.4",
  "lockfileVersion": 1,
  "requires": true,
  "dependencies": {
    "decamelize": {
      "version": "2.0.0",
      "resolved": "https://registry.npmjs.org/decamelize/-/decamelize-2.0.0.tgz",
      "integrity": "sha512-Ikpp5scV3MSYxY39ymh45ZLEecsTdv/Xj2CaQfI8RLMuwi7XvjX9H/fhraiSuU+C5w5NTDu4ZU72xNiZnurBPg=="
    },
    "underscore": {
      "version": "1.12.1",
      "resolved": "https://registry.npmjs.org/underscore/-/underscore-1.12.1.tgz",
      "integrity": "sha512-hEQt0+ZLDVUMhebKxL4x1BTtDY7bavVofhZ9KZ4aI26X9SRaE+Y3m83XUL1UP2jn8ynjndwCCpEHdUG+9pP1Tw=="
    },
    "yeoman-generator": {
      "version": "2.0.4",
      "resolved": "https://registry.npmjs.org/yeoman-generator/-/yeoman-generator-2.0.4.tgz",
      "integrity": "sha512-Sgvz3MAkOpEIobcpW3rjEl6bOTNnl8SkibP9z7hYKfIGIlw0QDC2k0MAeXvyE2pLqc2M0Duql+6R7/W9GrJojg=="
    }
  }
}
